// !$*UTF8*$!
{
	archiveVersion = 1;
	classes = {
	};
	objectVersion = 46;
	objects = {

/* Begin PBXBuildFile section */
		36C255121D3DB19681D76038 /* Pods_cremevip.framework in Frameworks */ = {isa = PBXBuildFile; fileRef = FFF1DB04863D13978295E2AD /* Pods_cremevip.framework */; };
		B81C04B71DAF3A49002BE077 /* AppDelegate.swift in Sources */ = {isa = PBXBuildFile; fileRef = B81C04B61DAF3A49002BE077 /* AppDelegate.swift */; };
		B81C04C11DAF3A49002BE077 /* LaunchScreen.storyboard in Resources */ = {isa = PBXBuildFile; fileRef = B81C04BF1DAF3A49002BE077 /* LaunchScreen.storyboard */; };
		B81C04CB1DAF5819002BE077 /* EventViewController.swift in Sources */ = {isa = PBXBuildFile; fileRef = B81C04CA1DAF5819002BE077 /* EventViewController.swift */; };
		B81C04CD1DAF5840002BE077 /* Main.storyboard in Resources */ = {isa = PBXBuildFile; fileRef = B81C04CC1DAF5840002BE077 /* Main.storyboard */; };
		B81C04CF1DAF5875002BE077 /* ViewController.swift in Sources */ = {isa = PBXBuildFile; fileRef = B81C04CE1DAF5875002BE077 /* ViewController.swift */; };
		B81C04D11DAF587B002BE077 /* ImageUICollectionViewCell.swift in Sources */ = {isa = PBXBuildFile; fileRef = B81C04D01DAF587B002BE077 /* ImageUICollectionViewCell.swift */; };
		B81C04D31DAF5887002BE077 /* ImageUICollectionViewCell.xib in Resources */ = {isa = PBXBuildFile; fileRef = B81C04D21DAF5887002BE077 /* ImageUICollectionViewCell.xib */; };
		B81C04D51DAF588C002BE077 /* Model.swift in Sources */ = {isa = PBXBuildFile; fileRef = B81C04D41DAF588C002BE077 /* Model.swift */; };
		B89EB1671DB1B2D000E4981D /* video2.mp4 in Resources */ = {isa = PBXBuildFile; fileRef = B89EB1661DB1B2D000E4981D /* video2.mp4 */; };
		B89EB1691DB1B3B300E4981D /* video3.mp4 in Resources */ = {isa = PBXBuildFile; fileRef = B89EB1681DB1B3B300E4981D /* video3.mp4 */; };
		B89EB16B1DB1B69500E4981D /* video1.mp4 in Resources */ = {isa = PBXBuildFile; fileRef = B89EB16A1DB1B69500E4981D /* video1.mp4 */; };
		B89EB16D1DB1B94A00E4981D /* video4.mp4 in Resources */ = {isa = PBXBuildFile; fileRef = B89EB16C1DB1B94A00E4981D /* video4.mp4 */; };
		B89EB16F1DB1B96B00E4981D /* video5.mp4 in Resources */ = {isa = PBXBuildFile; fileRef = B89EB16E1DB1B96B00E4981D /* video5.mp4 */; };
		B89EB1731DB1BAD600E4981D /* Assets.xcassets in Resources */ = {isa = PBXBuildFile; fileRef = B89EB1721DB1BAD600E4981D /* Assets.xcassets */; };
		B89EB1751DB1E33900E4981D /* SnapContainerViewController.swift in Sources */ = {isa = PBXBuildFile; fileRef = B89EB1741DB1E33900E4981D /* SnapContainerViewController.swift */; };
		B89EB1771DB1E34900E4981D /* VerticalScrollViewController.swift in Sources */ = {isa = PBXBuildFile; fileRef = B89EB1761DB1E34900E4981D /* VerticalScrollViewController.swift */; };
		B89EB17D1DB1ED6500E4981D /* SearchViewController.swift in Sources */ = {isa = PBXBuildFile; fileRef = B89EB17C1DB1ED6500E4981D /* SearchViewController.swift */; };
		B8D79CCB1DB0081C006AC421 /* din-regular.ttf in Resources */ = {isa = PBXBuildFile; fileRef = B8D79CCA1DB0081C006AC421 /* din-regular.ttf */; };
		B8D79CCD1DB027CE006AC421 /* term.txt in Resources */ = {isa = PBXBuildFile; fileRef = B8D79CCC1DB027CE006AC421 /* term.txt */; };
		B8D79CCF1DB029C4006AC421 /* EventViewControllerYT.swift in Sources */ = {isa = PBXBuildFile; fileRef = B8D79CCE1DB029C4006AC421 /* EventViewControllerYT.swift */; };
		B8D79CD71DB07D34006AC421 /* PathDynamicModal.swift in Sources */ = {isa = PBXBuildFile; fileRef = B8D79CD61DB07D34006AC421 /* PathDynamicModal.swift */; };
		B8D79CD91DB07DD6006AC421 /* ModalView.xib in Resources */ = {isa = PBXBuildFile; fileRef = B8D79CD81DB07DD6006AC421 /* ModalView.xib */; };
		B8D79CDB1DB07DDF006AC421 /* ModalView.swift in Sources */ = {isa = PBXBuildFile; fileRef = B8D79CDA1DB07DDF006AC421 /* ModalView.swift */; };
		B8D79CDD1DB0B387006AC421 /* storehouse.plist in Resources */ = {isa = PBXBuildFile; fileRef = B8D79CDC1DB0B387006AC421 /* storehouse.plist */; };
		B8D79CDF1DB16132006AC421 /* PaymentSuccessModalView.swift in Sources */ = {isa = PBXBuildFile; fileRef = B8D79CDE1DB16132006AC421 /* PaymentSuccessModalView.swift */; };
		B8D79CE11DB16196006AC421 /* PaymentSuccessModalView.xib in Resources */ = {isa = PBXBuildFile; fileRef = B8D79CE01DB16196006AC421 /* PaymentSuccessModalView.xib */; };
/* End PBXBuildFile section */

/* Begin PBXFileReference section */
		2EE419178850834B921EECA9 /* Pods-cremevip.release.xcconfig */ = {isa = PBXFileReference; includeInIndex = 1; lastKnownFileType = text.xcconfig; name = "Pods-cremevip.release.xcconfig"; path = "Pods/Target Support Files/Pods-cremevip/Pods-cremevip.release.xcconfig"; sourceTree = "<group>"; };
		B81C04B31DAF3A49002BE077 /* cremevip.app */ = {isa = PBXFileReference; explicitFileType = wrapper.application; includeInIndex = 0; path = cremevip.app; sourceTree = BUILT_PRODUCTS_DIR; };
		B81C04B61DAF3A49002BE077 /* AppDelegate.swift */ = {isa = PBXFileReference; lastKnownFileType = sourcecode.swift; path = AppDelegate.swift; sourceTree = "<group>"; };
		B81C04C01DAF3A49002BE077 /* Base */ = {isa = PBXFileReference; lastKnownFileType = file.storyboard; name = Base; path = Base.lproj/LaunchScreen.storyboard; sourceTree = "<group>"; };
		B81C04C21DAF3A49002BE077 /* Info.plist */ = {isa = PBXFileReference; lastKnownFileType = text.plist.xml; path = Info.plist; sourceTree = "<group>"; };
		B81C04CA1DAF5819002BE077 /* EventViewController.swift */ = {isa = PBXFileReference; fileEncoding = 4; lastKnownFileType = sourcecode.swift; path = EventViewController.swift; sourceTree = "<group>"; };
		B81C04CC1DAF5840002BE077 /* Main.storyboard */ = {isa = PBXFileReference; fileEncoding = 4; lastKnownFileType = file.storyboard; path = Main.storyboard; sourceTree = "<group>"; };
		B81C04CE1DAF5875002BE077 /* ViewController.swift */ = {isa = PBXFileReference; fileEncoding = 4; lastKnownFileType = sourcecode.swift; path = ViewController.swift; sourceTree = "<group>"; };
		B81C04D01DAF587B002BE077 /* ImageUICollectionViewCell.swift */ = {isa = PBXFileReference; fileEncoding = 4; lastKnownFileType = sourcecode.swift; path = ImageUICollectionViewCell.swift; sourceTree = "<group>"; };
		B81C04D21DAF5887002BE077 /* ImageUICollectionViewCell.xib */ = {isa = PBXFileReference; fileEncoding = 4; lastKnownFileType = file.xib; path = ImageUICollectionViewCell.xib; sourceTree = "<group>"; };
		B81C04D41DAF588C002BE077 /* Model.swift */ = {isa = PBXFileReference; fileEncoding = 4; lastKnownFileType = sourcecode.swift; path = Model.swift; sourceTree = "<group>"; };
		B89EB1661DB1B2D000E4981D /* video2.mp4 */ = {isa = PBXFileReference; lastKnownFileType = file; path = video2.mp4; sourceTree = "<group>"; };
		B89EB1681DB1B3B300E4981D /* video3.mp4 */ = {isa = PBXFileReference; lastKnownFileType = file; path = video3.mp4; sourceTree = "<group>"; };
		B89EB16A1DB1B69500E4981D /* video1.mp4 */ = {isa = PBXFileReference; lastKnownFileType = file; path = video1.mp4; sourceTree = "<group>"; };
		B89EB16C1DB1B94A00E4981D /* video4.mp4 */ = {isa = PBXFileReference; lastKnownFileType = file; path = video4.mp4; sourceTree = "<group>"; };
		B89EB16E1DB1B96B00E4981D /* video5.mp4 */ = {isa = PBXFileReference; lastKnownFileType = file; path = video5.mp4; sourceTree = "<group>"; };
		B89EB1721DB1BAD600E4981D /* Assets.xcassets */ = {isa = PBXFileReference; lastKnownFileType = folder.assetcatalog; path = Assets.xcassets; sourceTree = "<group>"; };
		B89EB1741DB1E33900E4981D /* SnapContainerViewController.swift */ = {isa = PBXFileReference; fileEncoding = 4; lastKnownFileType = sourcecode.swift; path = SnapContainerViewController.swift; sourceTree = "<group>"; };
		B89EB1761DB1E34900E4981D /* VerticalScrollViewController.swift */ = {isa = PBXFileReference; fileEncoding = 4; lastKnownFileType = sourcecode.swift; path = VerticalScrollViewController.swift; sourceTree = "<group>"; };
		B89EB17C1DB1ED6500E4981D /* SearchViewController.swift */ = {isa = PBXFileReference; fileEncoding = 4; lastKnownFileType = sourcecode.swift; path = SearchViewController.swift; sourceTree = "<group>"; };
		B8D79CCA1DB0081C006AC421 /* din-regular.ttf */ = {isa = PBXFileReference; lastKnownFileType = file; path = "din-regular.ttf"; sourceTree = "<group>"; };
		B8D79CCC1DB027CE006AC421 /* term.txt */ = {isa = PBXFileReference; fileEncoding = 4; lastKnownFileType = text; path = term.txt; sourceTree = "<group>"; };
		B8D79CCE1DB029C4006AC421 /* EventViewControllerYT.swift */ = {isa = PBXFileReference; fileEncoding = 4; lastKnownFileType = sourcecode.swift; path = EventViewControllerYT.swift; sourceTree = "<group>"; };
		B8D79CD61DB07D34006AC421 /* PathDynamicModal.swift */ = {isa = PBXFileReference; fileEncoding = 4; lastKnownFileType = sourcecode.swift; path = PathDynamicModal.swift; sourceTree = "<group>"; };
		B8D79CD81DB07DD6006AC421 /* ModalView.xib */ = {isa = PBXFileReference; fileEncoding = 4; lastKnownFileType = file.xib; path = ModalView.xib; sourceTree = "<group>"; };
		B8D79CDA1DB07DDF006AC421 /* ModalView.swift */ = {isa = PBXFileReference; fileEncoding = 4; lastKnownFileType = sourcecode.swift; path = ModalView.swift; sourceTree = "<group>"; };
		B8D79CDC1DB0B387006AC421 /* storehouse.plist */ = {isa = PBXFileReference; fileEncoding = 4; lastKnownFileType = text.plist.xml; path = storehouse.plist; sourceTree = "<group>"; };
		B8D79CDE1DB16132006AC421 /* PaymentSuccessModalView.swift */ = {isa = PBXFileReference; fileEncoding = 4; lastKnownFileType = sourcecode.swift; path = PaymentSuccessModalView.swift; sourceTree = "<group>"; };
		B8D79CE01DB16196006AC421 /* PaymentSuccessModalView.xib */ = {isa = PBXFileReference; fileEncoding = 4; lastKnownFileType = file.xib; path = PaymentSuccessModalView.xib; sourceTree = "<group>"; };
		CE286234BA408E105E0F9B7C /* Pods-cremevip.debug.xcconfig */ = {isa = PBXFileReference; includeInIndex = 1; lastKnownFileType = text.xcconfig; name = "Pods-cremevip.debug.xcconfig"; path = "Pods/Target Support Files/Pods-cremevip/Pods-cremevip.debug.xcconfig"; sourceTree = "<group>"; };
		FFF1DB04863D13978295E2AD /* Pods_cremevip.framework */ = {isa = PBXFileReference; explicitFileType = wrapper.framework; includeInIndex = 0; path = Pods_cremevip.framework; sourceTree = BUILT_PRODUCTS_DIR; };
/* End PBXFileReference section */

/* Begin PBXFrameworksBuildPhase section */
		B81C04B01DAF3A49002BE077 /* Frameworks */ = {
			isa = PBXFrameworksBuildPhase;
			buildActionMask = 2147483647;
			files = (
				36C255121D3DB19681D76038 /* Pods_cremevip.framework in Frameworks */,
			);
			runOnlyForDeploymentPostprocessing = 0;
		};
/* End PBXFrameworksBuildPhase section */

/* Begin PBXGroup section */
		B81C04AA1DAF3A49002BE077 = {
			isa = PBXGroup;
			children = (
				B8D79CCC1DB027CE006AC421 /* term.txt */,
				B8D79CDC1DB0B387006AC421 /* storehouse.plist */,
				B8D79CD51DB07D34006AC421 /* PathDynamicModal */,
				B81C04B51DAF3A49002BE077 /* cremevip */,
				B81C04B41DAF3A49002BE077 /* Products */,
				C455EDD12ACC76A2C52FF977 /* Pods */,
				FD2DBE18EA77D3E6DB98840F /* Frameworks */,
			);
			sourceTree = "<group>";
		};
		B81C04B41DAF3A49002BE077 /* Products */ = {
			isa = PBXGroup;
			children = (
				B81C04B31DAF3A49002BE077 /* cremevip.app */,
			);
			name = Products;
			sourceTree = "<group>";
		};
		B81C04B51DAF3A49002BE077 /* cremevip */ = {
			isa = PBXGroup;
			children = (
				B81C04B61DAF3A49002BE077 /* AppDelegate.swift */,
				B81C04CA1DAF5819002BE077 /* EventViewController.swift */,
				B8D79CCE1DB029C4006AC421 /* EventViewControllerYT.swift */,
				B89EB17C1DB1ED6500E4981D /* SearchViewController.swift */,
				B81C04CE1DAF5875002BE077 /* ViewController.swift */,
				B89EB1741DB1E33900E4981D /* SnapContainerViewController.swift */,
				B89EB1761DB1E34900E4981D /* VerticalScrollViewController.swift */,
				B81C04D01DAF587B002BE077 /* ImageUICollectionViewCell.swift */,
				B81C04D21DAF5887002BE077 /* ImageUICollectionViewCell.xib */,
				B81C04D41DAF588C002BE077 /* Model.swift */,
				B81C04CC1DAF5840002BE077 /* Main.storyboard */,
				B8D79CD81DB07DD6006AC421 /* ModalView.xib */,
				B8D79CDA1DB07DDF006AC421 /* ModalView.swift */,
				B8D79CDE1DB16132006AC421 /* PaymentSuccessModalView.swift */,
				B8D79CE01DB16196006AC421 /* PaymentSuccessModalView.xib */,
				B81C04BF1DAF3A49002BE077 /* LaunchScreen.storyboard */,
				B89EB1721DB1BAD600E4981D /* Assets.xcassets */,
				B81C04C21DAF3A49002BE077 /* Info.plist */,
				B8D79CCA1DB0081C006AC421 /* din-regular.ttf */,
				B89EB16A1DB1B69500E4981D /* video1.mp4 */,
				B89EB1681DB1B3B300E4981D /* video3.mp4 */,
				B89EB1661DB1B2D000E4981D /* video2.mp4 */,
				B89EB16C1DB1B94A00E4981D /* video4.mp4 */,
				B89EB16E1DB1B96B00E4981D /* video5.mp4 */,
			);
			path = cremevip;
			sourceTree = "<group>";
		};
		B8D79CD51DB07D34006AC421 /* PathDynamicModal */ = {
			isa = PBXGroup;
			children = (
				B8D79CD61DB07D34006AC421 /* PathDynamicModal.swift */,
			);
			path = PathDynamicModal;
			sourceTree = "<group>";
		};
		C455EDD12ACC76A2C52FF977 /* Pods */ = {
			isa = PBXGroup;
			children = (
				CE286234BA408E105E0F9B7C /* Pods-cremevip.debug.xcconfig */,
				2EE419178850834B921EECA9 /* Pods-cremevip.release.xcconfig */,
			);
			name = Pods;
			sourceTree = "<group>";
		};
		FD2DBE18EA77D3E6DB98840F /* Frameworks */ = {
			isa = PBXGroup;
			children = (
				FFF1DB04863D13978295E2AD /* Pods_cremevip.framework */,
			);
			name = Frameworks;
			sourceTree = "<group>";
		};
/* End PBXGroup section */

/* Begin PBXNativeTarget section */
		B81C04B21DAF3A49002BE077 /* cremevip */ = {
			isa = PBXNativeTarget;
			buildConfigurationList = B81C04C51DAF3A49002BE077 /* Build configuration list for PBXNativeTarget "cremevip" */;
			buildPhases = (
				09FA28A71236A2C81F4651E1 /* [CP] Check Pods Manifest.lock */,
				B81C04AF1DAF3A49002BE077 /* Sources */,
				B81C04B01DAF3A49002BE077 /* Frameworks */,
				B81C04B11DAF3A49002BE077 /* Resources */,
				13E4CC2CEFE1F391B751FE6A /* [CP] Embed Pods Frameworks */,
				3145C3F75A25C368AE9AB3C2 /* [CP] Copy Pods Resources */,
			);
			buildRules = (
			);
			dependencies = (
			);
			name = cremevip;
			productName = cremevip;
			productReference = B81C04B31DAF3A49002BE077 /* cremevip.app */;
			productType = "com.apple.product-type.application";
		};
/* End PBXNativeTarget section */

/* Begin PBXProject section */
		B81C04AB1DAF3A49002BE077 /* Project object */ = {
			isa = PBXProject;
			attributes = {
				LastSwiftUpdateCheck = 0730;
				LastUpgradeCheck = 0730;
				ORGANIZATIONNAME = toeinriver;
				TargetAttributes = {
					B81C04B21DAF3A49002BE077 = {
						CreatedOnToolsVersion = 7.3.1;
						DevelopmentTeam = 5LNF6678VM;
					};
				};
			};
			buildConfigurationList = B81C04AE1DAF3A49002BE077 /* Build configuration list for PBXProject "cremevip" */;
			compatibilityVersion = "Xcode 3.2";
			developmentRegion = English;
			hasScannedForEncodings = 0;
			knownRegions = (
				en,
				Base,
			);
			mainGroup = B81C04AA1DAF3A49002BE077;
			productRefGroup = B81C04B41DAF3A49002BE077 /* Products */;
			projectDirPath = "";
			projectRoot = "";
			targets = (
				B81C04B21DAF3A49002BE077 /* cremevip */,
			);
		};
/* End PBXProject section */

/* Begin PBXResourcesBuildPhase section */
		B81C04B11DAF3A49002BE077 /* Resources */ = {
			isa = PBXResourcesBuildPhase;
			buildActionMask = 2147483647;
			files = (
				B81C04C11DAF3A49002BE077 /* LaunchScreen.storyboard in Resources */,
				B8D79CCB1DB0081C006AC421 /* din-regular.ttf in Resources */,
				B8D79CDD1DB0B387006AC421 /* storehouse.plist in Resources */,
				B89EB16B1DB1B69500E4981D /* video1.mp4 in Resources */,
				B89EB1731DB1BAD600E4981D /* Assets.xcassets in Resources */,
				B89EB1671DB1B2D000E4981D /* video2.mp4 in Resources */,
				B81C04CD1DAF5840002BE077 /* Main.storyboard in Resources */,
				B89EB1691DB1B3B300E4981D /* video3.mp4 in Resources */,
				B81C04D31DAF5887002BE077 /* ImageUICollectionViewCell.xib in Resources */,
				B8D79CE11DB16196006AC421 /* PaymentSuccessModalView.xib in Resources */,
				B8D79CD91DB07DD6006AC421 /* ModalView.xib in Resources */,
				B89EB16F1DB1B96B00E4981D /* video5.mp4 in Resources */,
				B8D79CCD1DB027CE006AC421 /* term.txt in Resources */,
				B89EB16D1DB1B94A00E4981D /* video4.mp4 in Resources */,
			);
			runOnlyForDeploymentPostprocessing = 0;
		};
/* End PBXResourcesBuildPhase section */

/* Begin PBXShellScriptBuildPhase section */
		09FA28A71236A2C81F4651E1 /* [CP] Check Pods Manifest.lock */ = {
			isa = PBXShellScriptBuildPhase;
			buildActionMask = 2147483647;
			files = (
			);
			inputPaths = (
			);
			name = "[CP] Check Pods Manifest.lock";
			outputPaths = (
			);
			runOnlyForDeploymentPostprocessing = 0;
			shellPath = /bin/sh;
			shellScript = "diff \"${PODS_ROOT}/../Podfile.lock\" \"${PODS_ROOT}/Manifest.lock\" > /dev/null\nif [[ $? != 0 ]] ; then\n    cat << EOM\nerror: The sandbox is not in sync with the Podfile.lock. Run 'pod install' or update your CocoaPods installation.\nEOM\n    exit 1\nfi\n";
			showEnvVarsInLog = 0;
		};
		13E4CC2CEFE1F391B751FE6A /* [CP] Embed Pods Frameworks */ = {
			isa = PBXShellScriptBuildPhase;
			buildActionMask = 2147483647;
			files = (
			);
			inputPaths = (
			);
			name = "[CP] Embed Pods Frameworks";
			outputPaths = (
			);
			runOnlyForDeploymentPostprocessing = 0;
			shellPath = /bin/sh;
			shellScript = "\"${SRCROOT}/Pods/Target Support Files/Pods-cremevip/Pods-cremevip-frameworks.sh\"\n";
			showEnvVarsInLog = 0;
		};
		3145C3F75A25C368AE9AB3C2 /* [CP] Copy Pods Resources */ = {
			isa = PBXShellScriptBuildPhase;
			buildActionMask = 2147483647;
			files = (
			);
			inputPaths = (
			);
			name = "[CP] Copy Pods Resources";
			outputPaths = (
			);
			runOnlyForDeploymentPostprocessing = 0;
			shellPath = /bin/sh;
			shellScript = "\"${SRCROOT}/Pods/Target Support Files/Pods-cremevip/Pods-cremevip-resources.sh\"\n";
			showEnvVarsInLog = 0;
		};
/* End PBXShellScriptBuildPhase section */

/* Begin PBXSourcesBuildPhase section */
		B81C04AF1DAF3A49002BE077 /* Sources */ = {
			isa = PBXSourcesBuildPhase;
			buildActionMask = 2147483647;
			files = (
				B8D79CDF1DB16132006AC421 /* PaymentSuccessModalView.swift in Sources */,
				B8D79CD71DB07D34006AC421 /* PathDynamicModal.swift in Sources */,
				B89EB1751DB1E33900E4981D /* SnapContainerViewController.swift in Sources */,
				B81C04D51DAF588C002BE077 /* Model.swift in Sources */,
				B81C04CF1DAF5875002BE077 /* ViewController.swift in Sources */,
				B8D79CCF1DB029C4006AC421 /* EventViewControllerYT.swift in Sources */,
				B89EB17D1DB1ED6500E4981D /* SearchViewController.swift in Sources */,
				B81C04B71DAF3A49002BE077 /* AppDelegate.swift in Sources */,
				B89EB1771DB1E34900E4981D /* VerticalScrollViewController.swift in Sources */,
				B8D79CDB1DB07DDF006AC421 /* ModalView.swift in Sources */,
				B81C04D11DAF587B002BE077 /* ImageUICollectionViewCell.swift in Sources */,
				B81C04CB1DAF5819002BE077 /* EventViewController.swift in Sources */,
			);
			runOnlyForDeploymentPostprocessing = 0;
		};
/* End PBXSourcesBuildPhase section */

/* Begin PBXVariantGroup section */
		B81C04BF1DAF3A49002BE077 /* LaunchScreen.storyboard */ = {
			isa = PBXVariantGroup;
			children = (
				B81C04C01DAF3A49002BE077 /* Base */,
			);
			name = LaunchScreen.storyboard;
			sourceTree = "<group>";
		};
/* End PBXVariantGroup section */

/* Begin XCBuildConfiguration section */
		B81C04C31DAF3A49002BE077 /* Debug */ = {
			isa = XCBuildConfiguration;
			buildSettings = {
				ALWAYS_SEARCH_USER_PATHS = NO;
				CLANG_ANALYZER_NONNULL = YES;
				CLANG_CXX_LANGUAGE_STANDARD = "gnu++0x";
				CLANG_CXX_LIBRARY = "libc++";
				CLANG_ENABLE_MODULES = YES;
				CLANG_ENABLE_OBJC_ARC = YES;
				CLANG_WARN_BOOL_CONVERSION = YES;
				CLANG_WARN_CONSTANT_CONVERSION = YES;
				CLANG_WARN_DIRECT_OBJC_ISA_USAGE = YES_ERROR;
				CLANG_WARN_EMPTY_BODY = YES;
				CLANG_WARN_ENUM_CONVERSION = YES;
				CLANG_WARN_INT_CONVERSION = YES;
				CLANG_WARN_OBJC_ROOT_CLASS = YES_ERROR;
				CLANG_WARN_UNREACHABLE_CODE = YES;
				CLANG_WARN__DUPLICATE_METHOD_MATCH = YES;
				"CODE_SIGN_IDENTITY[sdk=iphoneos*]" = "iPhone Developer";
				COPY_PHASE_STRIP = NO;
				DEBUG_INFORMATION_FORMAT = dwarf;
				ENABLE_STRICT_OBJC_MSGSEND = YES;
				ENABLE_TESTABILITY = YES;
				GCC_C_LANGUAGE_STANDARD = gnu99;
				GCC_DYNAMIC_NO_PIC = NO;
				GCC_NO_COMMON_BLOCKS = YES;
				GCC_OPTIMIZATION_LEVEL = 0;
				GCC_PREPROCESSOR_DEFINITIONS = (
					"DEBUG=1",
					"$(inherited)",
				);
				GCC_WARN_64_TO_32_BIT_CONVERSION = YES;
				GCC_WARN_ABOUT_RETURN_TYPE = YES_ERROR;
				GCC_WARN_UNDECLARED_SELECTOR = YES;
				GCC_WARN_UNINITIALIZED_AUTOS = YES_AGGRESSIVE;
				GCC_WARN_UNUSED_FUNCTION = YES;
				GCC_WARN_UNUSED_VARIABLE = YES;
				IPHONEOS_DEPLOYMENT_TARGET = 9.3;
				MTL_ENABLE_DEBUG_INFO = YES;
				ONLY_ACTIVE_ARCH = YES;
				SDKROOT = iphoneos;
				SWIFT_OPTIMIZATION_LEVEL = "-Onone";
			};
			name = Debug;
		};
		B81C04C41DAF3A49002BE077 /* Release */ = {
			isa = XCBuildConfiguration;
			buildSettings = {
				ALWAYS_SEARCH_USER_PATHS = NO;
				CLANG_ANALYZER_NONNULL = YES;
				CLANG_CXX_LANGUAGE_STANDARD = "gnu++0x";
				CLANG_CXX_LIBRARY = "libc++";
				CLANG_ENABLE_MODULES = YES;
				CLANG_ENABLE_OBJC_ARC = YES;
				CLANG_WARN_BOOL_CONVERSION = YES;
				CLANG_WARN_CONSTANT_CONVERSION = YES;
				CLANG_WARN_DIRECT_OBJC_ISA_USAGE = YES_ERROR;
				CLANG_WARN_EMPTY_BODY = YES;
				CLANG_WARN_ENUM_CONVERSION = YES;
				CLANG_WARN_INT_CONVERSION = YES;
				CLANG_WARN_OBJC_ROOT_CLASS = YES_ERROR;
				CLANG_WARN_UNREACHABLE_CODE = YES;
				CLANG_WARN__DUPLICATE_METHOD_MATCH = YES;
				"CODE_SIGN_IDENTITY[sdk=iphoneos*]" = "iPhone Developer";
				COPY_PHASE_STRIP = NO;
				DEBUG_INFORMATION_FORMAT = "dwarf-with-dsym";
				ENABLE_NS_ASSERTIONS = NO;
				ENABLE_STRICT_OBJC_MSGSEND = YES;
				GCC_C_LANGUAGE_STANDARD = gnu99;
				GCC_NO_COMMON_BLOCKS = YES;
				GCC_WARN_64_TO_32_BIT_CONVERSION = YES;
				GCC_WARN_ABOUT_RETURN_TYPE = YES_ERROR;
				GCC_WARN_UNDECLARED_SELECTOR = YES;
				GCC_WARN_UNINITIALIZED_AUTOS = YES_AGGRESSIVE;
				GCC_WARN_UNUSED_FUNCTION = YES;
				GCC_WARN_UNUSED_VARIABLE = YES;
				IPHONEOS_DEPLOYMENT_TARGET = 9.3;
				MTL_ENABLE_DEBUG_INFO = NO;
				SDKROOT = iphoneos;
				VALIDATE_PRODUCT = YES;
			};
			name = Release;
		};
		B81C04C61DAF3A49002BE077 /* Debug */ = {
			isa = XCBuildConfiguration;
			baseConfigurationReference = CE286234BA408E105E0F9B7C /* Pods-cremevip.debug.xcconfig */;
			buildSettings = {
				ASSETCATALOG_COMPILER_APPICON_NAME = AppIcon;
				CODE_SIGN_IDENTITY = "iPhone Developer";
				INFOPLIST_FILE = cremevip/Info.plist;
				LD_RUNPATH_SEARCH_PATHS = "$(inherited) @executable_path/Frameworks";
				PRODUCT_BUNDLE_IDENTIFIER = ApolloMillennium.cremevip;
				PRODUCT_NAME = "$(TARGET_NAME)";
			};
			name = Debug;
		};
		B81C04C71DAF3A49002BE077 /* Release */ = {
			isa = XCBuildConfiguration;
			baseConfigurationReference = 2EE419178850834B921EECA9 /* Pods-cremevip.release.xcconfig */;
			buildSettings = {
				ASSETCATALOG_COMPILER_APPICON_NAME = AppIcon;
				CODE_SIGN_IDENTITY = "iPhone Developer";
				INFOPLIST_FILE = cremevip/Info.plist;
				LD_RUNPATH_SEARCH_PATHS = "$(inherited) @executable_path/Frameworks";
				PRODUCT_BUNDLE_IDENTIFIER = ApolloMillennium.cremevip;
				PRODUCT_NAME = "$(TARGET_NAME)";
			};
			name = Release;
		};
/* End XCBuildConfiguration section */

/* Begin XCConfigurationList section */
		B81C04AE1DAF3A49002BE077 /* Build configuration list for PBXProject "cremevip" */ = {
			isa = XCConfigurationList;
			buildConfigurations = (
				B81C04C31DAF3A49002BE077 /* Debug */,
				B81C04C41DAF3A49002BE077 /* Release */,
			);
			defaultConfigurationIsVisible = 0;
			defaultConfigurationName = Release;
		};
		B81C04C51DAF3A49002BE077 /* Build configuration list for PBXNativeTarget "cremevip" */ = {
			isa = XCConfigurationList;
			buildConfigurations = (
				B81C04C61DAF3A49002BE077 /* Debug */,
				B81C04C71DAF3A49002BE077 /* Release */,
			);
			defaultConfigurationIsVisible = 0;
			defaultConfigurationName = Release;
		};
/* End XCConfigurationList section */
	};
	rootObject = B81C04AB1DAF3A49002BE077 /* Project object */;
}
